
Microsoft Visual Studio Solution File, Format Version 12.00
# Visual Studio 15
VisualStudioVersion = 15.0.27703.2042
MinimumVisualStudioVersion = 10.0.40219.1
Project("{FAE04EC0-301F-11D3-BF4B-00C04F79EFBC}") = "SalesForceApp", "SalesForceApp\SalesForceApp.csproj", "{57C021F3-5164-4854-80BB-B111CF1E3468}"
EndProject
Project("{FAE04EC0-301F-11D3-BF4B-00C04F79EFBC}") = "Dominio.SalesForceApp", "Dominio.SalesForceApp\Dominio.SalesForceApp.csproj", "{A8E4648A-B50B-47B7-B838-37035209A824}"
EndProject
Global
	GlobalSection(SolutionConfigurationPlatforms) = preSolution
		Debug|Any CPU = Debug|Any CPU
		HML2|Any CPU = HML2|Any CPU
		QA|Any CPU = QA|Any CPU
		Release|Any CPU = Release|Any CPU
	EndGlobalSection
	GlobalSection(ProjectConfigurationPlatforms) = postSolution
		{57C021F3-5164-4854-80BB-B111CF1E3468}.Debug|Any CPU.ActiveCfg = Debug|Any CPU
		{57C021F3-5164-4854-80BB-B111CF1E3468}.Debug|Any CPU.Build.0 = Debug|Any CPU
		{57C021F3-5164-4854-80BB-B111CF1E3468}.HML2|Any CPU.ActiveCfg = HML2|Any CPU
		{57C021F3-5164-4854-80BB-B111CF1E3468}.HML2|Any CPU.Build.0 = HML2|Any CPU
		{57C021F3-5164-4854-80BB-B111CF1E3468}.QA|Any CPU.ActiveCfg = QA|Any CPU
		{57C021F3-5164-4854-80BB-B111CF1E3468}.QA|Any CPU.Build.0 = QA|Any CPU
		{57C021F3-5164-4854-80BB-B111CF1E3468}.Release|Any CPU.ActiveCfg = Release|Any CPU
		{57C021F3-5164-4854-80BB-B111CF1E3468}.Release|Any CPU.Build.0 = Release|Any CPU
		{A8E4648A-B50B-47B7-B838-37035209A824}.Debug|Any CPU.ActiveCfg = Debug|Any CPU
		{A8E4648A-B50B-47B7-B838-37035209A824}.Debug|Any CPU.Build.0 = Debug|Any CPU
		{A8E4648A-B50B-47B7-B838-37035209A824}.HML2|Any CPU.ActiveCfg = HML2|Any CPU
		{A8E4648A-B50B-47B7-B838-37035209A824}.HML2|Any CPU.Build.0 = HML2|Any CPU
		{A8E4648A-B50B-47B7-B838-37035209A824}.QA|Any CPU.ActiveCfg = QA|Any CPU
		{A8E4648A-B50B-47B7-B838-37035209A824}.QA|Any CPU.Build.0 = QA|Any CPU
		{A8E4648A-B50B-47B7-B838-37035209A824}.Release|Any CPU.ActiveCfg = Release|Any CPU
		{A8E4648A-B50B-47B7-B838-37035209A824}.Release|Any CPU.Build.0 = Release|Any CPU
	EndGlobalSection
	GlobalSection(SolutionProperties) = preSolution
		HideSolutionNode = FALSE
	EndGlobalSection
	GlobalSection(ExtensibilityGlobals) = postSolution
		SolutionGuid = {200B8A3F-44EC-45AE-A079-076742E2034D}
	EndGlobalSection
EndGlobal
